
Microsoft Visual Studio Solution File, Format Version 12.00
# Visual Studio 2013
VisualStudioVersion = 12.0.40629.0
MinimumVisualStudioVersion = 10.0.40219.1
Project("{FAE04EC0-301F-11D3-BF4B-00C04F79EFBC}") = "comData.core", "comData.core\comData.core.csproj", "{85165762-447B-40D2-914C-1EF79C9CD6EA}"
EndProject
Project("{FAE04EC0-301F-11D3-BF4B-00C04F79EFBC}") = "comData.data", "comData.data\comData.data.csproj", "{2C28CF25-4DB3-414C-B67D-E97152CEF083}"
	ProjectSection(ProjectDependencies) = postProject
		{85165762-447B-40D2-914C-1EF79C9CD6EA} = {85165762-447B-40D2-914C-1EF79C9CD6EA}
	EndProjectSection
EndProject
Project("{FAE04EC0-301F-11D3-BF4B-00C04F79EFBC}") = "comData.DesktopClient", "comData.DesktopClient\comData.DesktopClient.csproj", "{839854EE-772E-4C22-B0AE-ED0078AE8BAC}"
EndProject
Project("{FAE04EC0-301F-11D3-BF4B-00C04F79EFBC}") = "comData.MvcClient", "comData.MvcClient\comData.MvcClient.csproj", "{2B185AC4-38B0-4819-A050-C1296587E9EF}"
EndProject
Project("{FAE04EC0-301F-11D3-BF4B-00C04F79EFBC}") = "comData.api", "comData.api\comData.api.csproj", "{B0BBC9F7-2049-4E93-B076-9676010E02B0}"
EndProject
Global
	GlobalSection(SolutionConfigurationPlatforms) = preSolution
		Debug|Any CPU = Debug|Any CPU
		Release|Any CPU = Release|Any CPU
	EndGlobalSection
	GlobalSection(ProjectConfigurationPlatforms) = postSolution
		{85165762-447B-40D2-914C-1EF79C9CD6EA}.Debug|Any CPU.ActiveCfg = Debug|Any CPU
		{85165762-447B-40D2-914C-1EF79C9CD6EA}.Debug|Any CPU.Build.0 = Debug|Any CPU
		{85165762-447B-40D2-914C-1EF79C9CD6EA}.Release|Any CPU.ActiveCfg = Release|Any CPU
		{85165762-447B-40D2-914C-1EF79C9CD6EA}.Release|Any CPU.Build.0 = Release|Any CPU
		{2C28CF25-4DB3-414C-B67D-E97152CEF083}.Debug|Any CPU.ActiveCfg = Debug|Any CPU
		{2C28CF25-4DB3-414C-B67D-E97152CEF083}.Debug|Any CPU.Build.0 = Debug|Any CPU
		{2C28CF25-4DB3-414C-B67D-E97152CEF083}.Release|Any CPU.ActiveCfg = Release|Any CPU
		{2C28CF25-4DB3-414C-B67D-E97152CEF083}.Release|Any CPU.Build.0 = Release|Any CPU
		{839854EE-772E-4C22-B0AE-ED0078AE8BAC}.Debug|Any CPU.ActiveCfg = Debug|Any CPU
		{839854EE-772E-4C22-B0AE-ED0078AE8BAC}.Debug|Any CPU.Build.0 = Debug|Any CPU
		{839854EE-772E-4C22-B0AE-ED0078AE8BAC}.Release|Any CPU.ActiveCfg = Release|Any CPU
		{839854EE-772E-4C22-B0AE-ED0078AE8BAC}.Release|Any CPU.Build.0 = Release|Any CPU
		{2B185AC4-38B0-4819-A050-C1296587E9EF}.Debug|Any CPU.ActiveCfg = Debug|Any CPU
		{2B185AC4-38B0-4819-A050-C1296587E9EF}.Debug|Any CPU.Build.0 = Debug|Any CPU
		{2B185AC4-38B0-4819-A050-C1296587E9EF}.Release|Any CPU.ActiveCfg = Release|Any CPU
		{2B185AC4-38B0-4819-A050-C1296587E9EF}.Release|Any CPU.Build.0 = Release|Any CPU
		{B0BBC9F7-2049-4E93-B076-9676010E02B0}.Debug|Any CPU.ActiveCfg = Debug|Any CPU
		{B0BBC9F7-2049-4E93-B076-9676010E02B0}.Debug|Any CPU.Build.0 = Debug|Any CPU
		{B0BBC9F7-2049-4E93-B076-9676010E02B0}.Release|Any CPU.ActiveCfg = Release|Any CPU
		{B0BBC9F7-2049-4E93-B076-9676010E02B0}.Release|Any CPU.Build.0 = Release|Any CPU
	EndGlobalSection
	GlobalSection(SolutionProperties) = preSolution
		HideSolutionNode = FALSE
	EndGlobalSection
EndGlobal
